PODS:
  - Bolts (1.1.2)
  - Facebook-iOS-SDK (3.17.0):
    - Bolts
  - MGConferenceDatePicker (0.0.2)
  - Parse (1.3.0):
    - Facebook-iOS-SDK (~> 3.17)

DEPENDENCIES:
  - MGConferenceDatePicker (~> 0.0.2)
  - Parse

SPEC CHECKSUMS:
  Bolts: 2635e8698a630774689441047f3465d78c48d485
  Facebook-iOS-SDK: f20274d809f112ba540842e2b6cbe50128d51b7b
  MGConferenceDatePicker: 5ee788228b8a8ff8883279eb02cb03dffe1e6047
  Parse: 8ffeef385de83a6bef0c23cdf25f939635b53f5e

COCOAPODS: 0.33.1
